// !$*UTF8*$!
{
	archiveVersion = 1;
	classes = {
	};
	objectVersion = 56;
	objects = {

/* Begin PBXBuildFile section */
		AA0000000000000000000001 /* GContactsApp.swift in Sources */ = {isa = PBXBuildFile; fileRef = AA0000000000000000000101 /* GContactsApp.swift */; };
		AA0000000000000000000002 /* AppTheme.swift in Sources */ = {isa = PBXBuildFile; fileRef = AA0000000000000000000102 /* AppTheme.swift */; };
		AA0000000000000000000003 /* AppShellView.swift in Sources */ = {isa = PBXBuildFile; fileRef = AA0000000000000000000103 /* AppShellView.swift */; };
		AA0000000000000000000004 /* Contact.swift in Sources */ = {isa = PBXBuildFile; fileRef = AA0000000000000000000104 /* Contact.swift */; };
		AA0000000000000000000005 /* ContactLabel.swift in Sources */ = {isa = PBXBuildFile; fileRef = AA0000000000000000000105 /* ContactLabel.swift */; };
		AA0000000000000000000006 /* GoogleContactsService.swift in Sources */ = {isa = PBXBuildFile; fileRef = AA0000000000000000000106 /* GoogleContactsService.swift */; };
		AA0000000000000000000007 /* MockGoogleContactsService.swift in Sources */ = {isa = PBXBuildFile; fileRef = AA0000000000000000000107 /* MockGoogleContactsService.swift */; };
		AA0000000000000000000008 /* ContactStore.swift in Sources */ = {isa = PBXBuildFile; fileRef = AA0000000000000000000108 /* ContactStore.swift */; };
		AA0000000000000000000009 /* ContactsListView.swift in Sources */ = {isa = PBXBuildFile; fileRef = AA0000000000000000000109 /* ContactsListView.swift */; };
		AA0000000000000000000010 /* ContactDetailView.swift in Sources */ = {isa = PBXBuildFile; fileRef = AA0000000000000000000110 /* ContactDetailView.swift */; };
		AA0000000000000000000011 /* ContactEditorView.swift in Sources */ = {isa = PBXBuildFile; fileRef = AA0000000000000000000111 /* ContactEditorView.swift */; };
		AA0000000000000000000012 /* LabelsView.swift in Sources */ = {isa = PBXBuildFile; fileRef = AA0000000000000000000112 /* LabelsView.swift */; };
		AA0000000000000000000013 /* SettingsView.swift in Sources */ = {isa = PBXBuildFile; fileRef = AA0000000000000000000113 /* SettingsView.swift */; };
		AA0000000000000000000014 /* Localizable.strings in Resources */ = {isa = PBXBuildFile; fileRef = AA0000000000000000000200 /* Localizable.strings */; };
		AA0000000000000000000015 /* GoogleAuthService.swift in Sources */ = {isa = PBXBuildFile; fileRef = AA0000000000000000000114 /* GoogleAuthService.swift */; };
		AA0000000000000000000016 /* GoogleSignIn in Frameworks */ = {isa = PBXBuildFile; productRef = AA0000000000000000000C02 /* GoogleSignIn */; };
		AA0000000000000000000017 /* GoogleSignInSwift in Frameworks */ = {isa = PBXBuildFile; productRef = AA0000000000000000000C03 /* GoogleSignInSwift */; };
		AA0000000000000000000018 /* GooglePeopleContactsService.swift in Sources */ = {isa = PBXBuildFile; fileRef = AA0000000000000000000116 /* GooglePeopleContactsService.swift */; };
		AA0000000000000000000019 /* Assets.xcassets in Resources */ = {isa = PBXBuildFile; fileRef = AA0000000000000000000117 /* Assets.xcassets */; };
		AA000000000000000000001A /* AppLanguage.swift in Sources */ = {isa = PBXBuildFile; fileRef = AA0000000000000000000118 /* AppLanguage.swift */; };
		AA000000000000000000001B /* ContactAvatarView.swift in Sources */ = {isa = PBXBuildFile; fileRef = AA0000000000000000000119 /* ContactAvatarView.swift */; };
		AA000000000000000000001C /* PhoneNumberKit in Frameworks */ = {isa = PBXBuildFile; productRef = AA0000000000000000000C05 /* PhoneNumberKit */; };
/* End PBXBuildFile section */

/* Begin PBXFileReference section */
		AA0000000000000000000101 /* GContactsApp.swift */ = {isa = PBXFileReference; lastKnownFileType = sourcecode.swift; path = GContactsApp.swift; sourceTree = "<group>"; };
		AA0000000000000000000102 /* AppTheme.swift */ = {isa = PBXFileReference; lastKnownFileType = sourcecode.swift; path = AppTheme.swift; sourceTree = "<group>"; };
		AA0000000000000000000103 /* AppShellView.swift */ = {isa = PBXFileReference; lastKnownFileType = sourcecode.swift; path = AppShellView.swift; sourceTree = "<group>"; };
		AA0000000000000000000104 /* Contact.swift */ = {isa = PBXFileReference; lastKnownFileType = sourcecode.swift; path = Contact.swift; sourceTree = "<group>"; };
		AA0000000000000000000105 /* ContactLabel.swift */ = {isa = PBXFileReference; lastKnownFileType = sourcecode.swift; path = ContactLabel.swift; sourceTree = "<group>"; };
		AA0000000000000000000106 /* GoogleContactsService.swift */ = {isa = PBXFileReference; lastKnownFileType = sourcecode.swift; path = GoogleContactsService.swift; sourceTree = "<group>"; };
		AA0000000000000000000107 /* MockGoogleContactsService.swift */ = {isa = PBXFileReference; lastKnownFileType = sourcecode.swift; path = MockGoogleContactsService.swift; sourceTree = "<group>"; };
		AA0000000000000000000108 /* ContactStore.swift */ = {isa = PBXFileReference; lastKnownFileType = sourcecode.swift; path = ContactStore.swift; sourceTree = "<group>"; };
		AA0000000000000000000109 /* ContactsListView.swift */ = {isa = PBXFileReference; lastKnownFileType = sourcecode.swift; path = ContactsListView.swift; sourceTree = "<group>"; };
		AA0000000000000000000110 /* ContactDetailView.swift */ = {isa = PBXFileReference; lastKnownFileType = sourcecode.swift; path = ContactDetailView.swift; sourceTree = "<group>"; };
		AA0000000000000000000111 /* ContactEditorView.swift */ = {isa = PBXFileReference; lastKnownFileType = sourcecode.swift; path = ContactEditorView.swift; sourceTree = "<group>"; };
		AA0000000000000000000112 /* LabelsView.swift */ = {isa = PBXFileReference; lastKnownFileType = sourcecode.swift; path = LabelsView.swift; sourceTree = "<group>"; };
		AA0000000000000000000113 /* SettingsView.swift */ = {isa = PBXFileReference; lastKnownFileType = sourcecode.swift; path = SettingsView.swift; sourceTree = "<group>"; };
		AA0000000000000000000114 /* GoogleAuthService.swift */ = {isa = PBXFileReference; lastKnownFileType = sourcecode.swift; path = GoogleAuthService.swift; sourceTree = "<group>"; };
		AA0000000000000000000115 /* Info.plist */ = {isa = PBXFileReference; lastKnownFileType = text.plist.xml; path = Info.plist; sourceTree = "<group>"; };
		AA0000000000000000000116 /* GooglePeopleContactsService.swift */ = {isa = PBXFileReference; lastKnownFileType = sourcecode.swift; path = GooglePeopleContactsService.swift; sourceTree = "<group>"; };
		AA0000000000000000000117 /* Assets.xcassets */ = {isa = PBXFileReference; lastKnownFileType = folder.assetcatalog; path = Assets.xcassets; sourceTree = "<group>"; };
		AA0000000000000000000118 /* AppLanguage.swift */ = {isa = PBXFileReference; lastKnownFileType = sourcecode.swift; path = AppLanguage.swift; sourceTree = "<group>"; };
		AA0000000000000000000119 /* ContactAvatarView.swift */ = {isa = PBXFileReference; lastKnownFileType = sourcecode.swift; path = ContactAvatarView.swift; sourceTree = "<group>"; };
		AA0000000000000000000201 /* en */ = {isa = PBXFileReference; lastKnownFileType = text.plist.strings; name = en; path = en.lproj/Localizable.strings; sourceTree = "<group>"; };
		AA0000000000000000000202 /* zh-Hant */ = {isa = PBXFileReference; lastKnownFileType = text.plist.strings; name = "zh-Hant"; path = "zh-Hant.lproj/Localizable.strings"; sourceTree = "<group>"; };
		AA0000000000000000000300 /* GContacts.app */ = {isa = PBXFileReference; explicitFileType = wrapper.application; includeInIndex = 0; path = GContacts.app; sourceTree = BUILT_PRODUCTS_DIR; };
/* End PBXFileReference section */

/* Begin PBXFrameworksBuildPhase section */
		AA0000000000000000000400 /* Frameworks */ = {
			isa = PBXFrameworksBuildPhase;
			buildActionMask = 2147483647;
			files = (
				AA0000000000000000000016 /* GoogleSignIn in Frameworks */,
				AA0000000000000000000017 /* GoogleSignInSwift in Frameworks */,
				AA000000000000000000001C /* PhoneNumberKit in Frameworks */,
			);
			runOnlyForDeploymentPostprocessing = 0;
		};
/* End PBXFrameworksBuildPhase section */

/* Begin PBXGroup section */
		AA0000000000000000000500 = {
			isa = PBXGroup;
			children = (
				AA0000000000000000000501 /* GContacts */,
				AA0000000000000000000508 /* Products */,
			);
			sourceTree = "<group>";
		};
		AA0000000000000000000501 /* GContacts */ = {
			isa = PBXGroup;
			children = (
				AA0000000000000000000502 /* App */,
				AA0000000000000000000503 /* Models */,
				AA0000000000000000000504 /* Services */,
				AA0000000000000000000505 /* Stores */,
				AA0000000000000000000506 /* Views */,
				AA0000000000000000000507 /* Resources */,
			);
			path = GContacts;
			sourceTree = "<group>";
		};
		AA0000000000000000000502 /* App */ = {
			isa = PBXGroup;
			children = (
				AA0000000000000000000101 /* GContactsApp.swift */,
				AA0000000000000000000102 /* AppTheme.swift */,
				AA0000000000000000000118 /* AppLanguage.swift */,
				AA0000000000000000000103 /* AppShellView.swift */,
			);
			path = App;
			sourceTree = "<group>";
		};
		AA0000000000000000000503 /* Models */ = {
			isa = PBXGroup;
			children = (
				AA0000000000000000000104 /* Contact.swift */,
				AA0000000000000000000105 /* ContactLabel.swift */,
			);
			path = Models;
			sourceTree = "<group>";
		};
		AA0000000000000000000504 /* Services */ = {
			isa = PBXGroup;
			children = (
				AA0000000000000000000106 /* GoogleContactsService.swift */,
				AA0000000000000000000107 /* MockGoogleContactsService.swift */,
				AA0000000000000000000114 /* GoogleAuthService.swift */,
				AA0000000000000000000116 /* GooglePeopleContactsService.swift */,
			);
			path = Services;
			sourceTree = "<group>";
		};
		AA0000000000000000000505 /* Stores */ = {
			isa = PBXGroup;
			children = (
				AA0000000000000000000108 /* ContactStore.swift */,
			);
			path = Stores;
			sourceTree = "<group>";
		};
		AA0000000000000000000506 /* Views */ = {
			isa = PBXGroup;
			children = (
				AA0000000000000000000109 /* ContactsListView.swift */,
				AA0000000000000000000119 /* ContactAvatarView.swift */,
				AA0000000000000000000110 /* ContactDetailView.swift */,
				AA0000000000000000000111 /* ContactEditorView.swift */,
				AA0000000000000000000112 /* LabelsView.swift */,
				AA0000000000000000000113 /* SettingsView.swift */,
			);
			path = Views;
			sourceTree = "<group>";
		};
		AA0000000000000000000507 /* Resources */ = {
			isa = PBXGroup;
			children = (
				AA0000000000000000000115 /* Info.plist */,
				AA0000000000000000000117 /* Assets.xcassets */,
				AA0000000000000000000200 /* Localizable.strings */,
			);
			path = Resources;
			sourceTree = "<group>";
		};
		AA0000000000000000000508 /* Products */ = {
			isa = PBXGroup;
			children = (
				AA0000000000000000000300 /* GContacts.app */,
			);
			name = Products;
			sourceTree = "<group>";
		};
/* End PBXGroup section */

/* Begin PBXNativeTarget section */
		AA0000000000000000000600 /* GContacts */ = {
			isa = PBXNativeTarget;
			buildConfigurationList = AA0000000000000000000900 /* Build configuration list for PBXNativeTarget "GContacts" */;
			buildPhases = (
				AA0000000000000000000700 /* Sources */,
				AA0000000000000000000400 /* Frameworks */,
				AA0000000000000000000800 /* Resources */,
			);
			buildRules = (
			);
			dependencies = (
			);
			name = GContacts;
			packageProductDependencies = (
				AA0000000000000000000C02 /* GoogleSignIn */,
				AA0000000000000000000C03 /* GoogleSignInSwift */,
				AA0000000000000000000C05 /* PhoneNumberKit */,
			);
			productName = GContacts;
			productReference = AA0000000000000000000300 /* GContacts.app */;
			productType = "com.apple.product-type.application";
		};
/* End PBXNativeTarget section */

/* Begin PBXProject section */
		AA0000000000000000001000 /* Project object */ = {
			isa = PBXProject;
			attributes = {
				BuildIndependentTargetsInParallel = 1;
				LastSwiftUpdateCheck = 2640;
				LastUpgradeCheck = 2640;
				TargetAttributes = {
					AA0000000000000000000600 = {
						CreatedOnToolsVersion = 26.4.1;
					};
				};
			};
			buildConfigurationList = AA0000000000000000000901 /* Build configuration list for PBXProject "GContacts" */;
			compatibilityVersion = "Xcode 14.0";
			developmentRegion = en;
			hasScannedForEncodings = 0;
			knownRegions = (
				en,
				"zh-Hant",
				Base,
			);
			mainGroup = AA0000000000000000000500;
			packageReferences = (
				AA0000000000000000000C01 /* XCRemoteSwiftPackageReference "GoogleSignIn-iOS" */,
				AA0000000000000000000C04 /* XCRemoteSwiftPackageReference "PhoneNumberKit" */,
			);
			productRefGroup = AA0000000000000000000508 /* Products */;
			projectDirPath = "";
			projectRoot = "";
			targets = (
				AA0000000000000000000600 /* GContacts */,
			);
		};
/* End PBXProject section */

/* Begin PBXResourcesBuildPhase section */
		AA0000000000000000000800 /* Resources */ = {
			isa = PBXResourcesBuildPhase;
			buildActionMask = 2147483647;
			files = (
				AA0000000000000000000014 /* Localizable.strings in Resources */,
				AA0000000000000000000019 /* Assets.xcassets in Resources */,
			);
			runOnlyForDeploymentPostprocessing = 0;
		};
/* End PBXResourcesBuildPhase section */

/* Begin PBXSourcesBuildPhase section */
		AA0000000000000000000700 /* Sources */ = {
			isa = PBXSourcesBuildPhase;
			buildActionMask = 2147483647;
			files = (
				AA0000000000000000000001 /* GContactsApp.swift in Sources */,
				AA0000000000000000000002 /* AppTheme.swift in Sources */,
				AA000000000000000000001A /* AppLanguage.swift in Sources */,
				AA0000000000000000000003 /* AppShellView.swift in Sources */,
				AA0000000000000000000004 /* Contact.swift in Sources */,
				AA0000000000000000000005 /* ContactLabel.swift in Sources */,
				AA0000000000000000000006 /* GoogleContactsService.swift in Sources */,
				AA0000000000000000000007 /* MockGoogleContactsService.swift in Sources */,
				AA0000000000000000000008 /* ContactStore.swift in Sources */,
				AA0000000000000000000009 /* ContactsListView.swift in Sources */,
				AA000000000000000000001B /* ContactAvatarView.swift in Sources */,
				AA0000000000000000000010 /* ContactDetailView.swift in Sources */,
				AA0000000000000000000011 /* ContactEditorView.swift in Sources */,
				AA0000000000000000000012 /* LabelsView.swift in Sources */,
				AA0000000000000000000013 /* SettingsView.swift in Sources */,
				AA0000000000000000000015 /* GoogleAuthService.swift in Sources */,
				AA0000000000000000000018 /* GooglePeopleContactsService.swift in Sources */,
			);
			runOnlyForDeploymentPostprocessing = 0;
		};
/* End PBXSourcesBuildPhase section */

/* Begin PBXVariantGroup section */
		AA0000000000000000000200 /* Localizable.strings */ = {
			isa = PBXVariantGroup;
			children = (
				AA0000000000000000000201 /* en */,
				AA0000000000000000000202 /* zh-Hant */,
			);
			name = Localizable.strings;
			sourceTree = "<group>";
		};
/* End PBXVariantGroup section */

/* Begin XCBuildConfiguration section */
		AA0000000000000000000A01 /* Debug */ = {
			isa = XCBuildConfiguration;
			buildSettings = {
				ALWAYS_SEARCH_USER_PATHS = NO;
				CLANG_ANALYZER_NONNULL = YES;
				CLANG_ANALYZER_NUMBER_OBJECT_CONVERSION = YES_AGGRESSIVE;
				CLANG_CXX_LANGUAGE_STANDARD = "gnu++20";
				CLANG_ENABLE_MODULES = YES;
				CLANG_ENABLE_OBJC_ARC = YES;
				CLANG_ENABLE_OBJC_WEAK = YES;
				CLANG_WARN_BLOCK_CAPTURE_AUTORELEASING = YES;
				CLANG_WARN_BOOL_CONVERSION = YES;
				CLANG_WARN_COMMA = YES;
				CLANG_WARN_CONSTANT_CONVERSION = YES;
				CLANG_WARN_DEPRECATED_OBJC_IMPLEMENTATIONS = YES;
				CLANG_WARN_DIRECT_OBJC_ISA_USAGE = YES_ERROR;
				CLANG_WARN_DOCUMENTATION_COMMENTS = YES;
				CLANG_WARN_EMPTY_BODY = YES;
				CLANG_WARN_ENUM_CONVERSION = YES;
				CLANG_WARN_INFINITE_RECURSION = YES;
				CLANG_WARN_INT_CONVERSION = YES;
				CLANG_WARN_NON_LITERAL_NULL_CONVERSION = YES;
				CLANG_WARN_OBJC_IMPLICIT_RETAIN_SELF = YES;
				CLANG_WARN_OBJC_LITERAL_CONVERSION = YES;
				CLANG_WARN_OBJC_ROOT_CLASS = YES_ERROR;
				CLANG_WARN_QUOTED_INCLUDE_IN_FRAMEWORK_HEADER = YES;
				CLANG_WARN_RANGE_LOOP_ANALYSIS = YES;
				CLANG_WARN_STRICT_PROTOTYPES = YES;
				CLANG_WARN_SUSPICIOUS_MOVE = YES;
				CLANG_WARN_UNGUARDED_AVAILABILITY = YES_AGGRESSIVE;
				CLANG_WARN_UNREACHABLE_CODE = YES;
				CLANG_WARN__DUPLICATE_METHOD_MATCH = YES;
				COPY_PHASE_STRIP = NO;
				DEBUG_INFORMATION_FORMAT = dwarf;
				ENABLE_STRICT_OBJC_MSGSEND = YES;
				ENABLE_TESTABILITY = YES;
				ENABLE_USER_SCRIPT_SANDBOXING = YES;
				GCC_C_LANGUAGE_STANDARD = gnu17;
				GCC_DYNAMIC_NO_PIC = NO;
				GCC_NO_COMMON_BLOCKS = YES;
				GCC_OPTIMIZATION_LEVEL = 0;
				GCC_PREPROCESSOR_DEFINITIONS = (
					"DEBUG=1",
					"$(inherited)",
				);
				GCC_WARN_64_TO_32_BIT_CONVERSION = YES;
				GCC_WARN_ABOUT_RETURN_TYPE = YES_ERROR;
				GCC_WARN_UNDECLARED_SELECTOR = YES;
				GCC_WARN_UNINITIALIZED_AUTOS = YES_AGGRESSIVE;
				GCC_WARN_UNUSED_FUNCTION = YES;
				GCC_WARN_UNUSED_VARIABLE = YES;
				IPHONEOS_DEPLOYMENT_TARGET = 17.0;
				MTL_ENABLE_DEBUG_INFO = INCLUDE_SOURCE;
				MTL_FAST_MATH = YES;
				ONLY_ACTIVE_ARCH = YES;
				SDKROOT = iphoneos;
				SWIFT_ACTIVE_COMPILATION_CONDITIONS = DEBUG;
				SWIFT_OPTIMIZATION_LEVEL = "-Onone";
			};
			name = Debug;
		};
		AA0000000000000000000A02 /* Release */ = {
			isa = XCBuildConfiguration;
			buildSettings = {
				ALWAYS_SEARCH_USER_PATHS = NO;
				CLANG_ANALYZER_NONNULL = YES;
				CLANG_ANALYZER_NUMBER_OBJECT_CONVERSION = YES_AGGRESSIVE;
				CLANG_CXX_LANGUAGE_STANDARD = "gnu++20";
				CLANG_ENABLE_MODULES = YES;
				CLANG_ENABLE_OBJC_ARC = YES;
				CLANG_ENABLE_OBJC_WEAK = YES;
				CLANG_WARN_BLOCK_CAPTURE_AUTORELEASING = YES;
				CLANG_WARN_BOOL_CONVERSION = YES;
				CLANG_WARN_COMMA = YES;
				CLANG_WARN_CONSTANT_CONVERSION = YES;
				CLANG_WARN_DEPRECATED_OBJC_IMPLEMENTATIONS = YES;
				CLANG_WARN_DIRECT_OBJC_ISA_USAGE = YES_ERROR;
				CLANG_WARN_DOCUMENTATION_COMMENTS = YES;
				CLANG_WARN_EMPTY_BODY = YES;
				CLANG_WARN_ENUM_CONVERSION = YES;
				CLANG_WARN_INFINITE_RECURSION = YES;
				CLANG_WARN_INT_CONVERSION = YES;
				CLANG_WARN_NON_LITERAL_NULL_CONVERSION = YES;
				CLANG_WARN_OBJC_IMPLICIT_RETAIN_SELF = YES;
				CLANG_WARN_OBJC_LITERAL_CONVERSION = YES;
				CLANG_WARN_OBJC_ROOT_CLASS = YES_ERROR;
				CLANG_WARN_QUOTED_INCLUDE_IN_FRAMEWORK_HEADER = YES;
				CLANG_WARN_RANGE_LOOP_ANALYSIS = YES;
				CLANG_WARN_STRICT_PROTOTYPES = YES;
				CLANG_WARN_SUSPICIOUS_MOVE = YES;
				CLANG_WARN_UNGUARDED_AVAILABILITY = YES_AGGRESSIVE;
				CLANG_WARN_UNREACHABLE_CODE = YES;
				CLANG_WARN__DUPLICATE_METHOD_MATCH = YES;
				COPY_PHASE_STRIP = NO;
				DEBUG_INFORMATION_FORMAT = "dwarf-with-dsym";
				ENABLE_NS_ASSERTIONS = NO;
				ENABLE_STRICT_OBJC_MSGSEND = YES;
				ENABLE_USER_SCRIPT_SANDBOXING = YES;
				GCC_C_LANGUAGE_STANDARD = gnu17;
				GCC_NO_COMMON_BLOCKS = YES;
				GCC_WARN_64_TO_32_BIT_CONVERSION = YES;
				GCC_WARN_ABOUT_RETURN_TYPE = YES_ERROR;
				GCC_WARN_UNDECLARED_SELECTOR = YES;
				GCC_WARN_UNINITIALIZED_AUTOS = YES_AGGRESSIVE;
				GCC_WARN_UNUSED_FUNCTION = YES;
				GCC_WARN_UNUSED_VARIABLE = YES;
				IPHONEOS_DEPLOYMENT_TARGET = 17.0;
				MTL_ENABLE_DEBUG_INFO = NO;
				MTL_FAST_MATH = YES;
				SDKROOT = iphoneos;
				SWIFT_COMPILATION_MODE = wholemodule;
				VALIDATE_PRODUCT = YES;
			};
			name = Release;
		};
		AA0000000000000000000B01 /* Debug */ = {
			isa = XCBuildConfiguration;
			buildSettings = {
				ASSETCATALOG_COMPILER_APPICON_NAME = AppIcon;
				ASSETCATALOG_COMPILER_GLOBAL_ACCENT_COLOR_NAME = AccentColor;
				CODE_SIGN_STYLE = Automatic;
				CURRENT_PROJECT_VERSION = 1;
				DEVELOPMENT_TEAM = GV67623UT4;
				GENERATE_INFOPLIST_FILE = NO;
				GOOGLE_IOS_CLIENT_ID = "931037098853-4qs9f5aal8no87gf9eb6b7mmgibv2r02.apps.googleusercontent.com";
				GOOGLE_REVERSED_CLIENT_ID = "com.googleusercontent.apps.931037098853-4qs9f5aal8no87gf9eb6b7mmgibv2r02";
				INFOPLIST_FILE = GContacts/Resources/Info.plist;
				IPHONEOS_DEPLOYMENT_TARGET = 17.0;
				MARKETING_VERSION = 1.0;
				PRODUCT_BUNDLE_IDENTIFIER = com.jessechan.gcontacts;
				PRODUCT_NAME = "$(TARGET_NAME)";
				SWIFT_EMIT_LOC_STRINGS = YES;
				SWIFT_VERSION = 5.0;
				TARGETED_DEVICE_FAMILY = "1,2";
			};
			name = Debug;
		};
		AA0000000000000000000B02 /* Release */ = {
			isa = XCBuildConfiguration;
			buildSettings = {
				ASSETCATALOG_COMPILER_APPICON_NAME = AppIcon;
				ASSETCATALOG_COMPILER_GLOBAL_ACCENT_COLOR_NAME = AccentColor;
				CODE_SIGN_STYLE = Automatic;
				CURRENT_PROJECT_VERSION = 1;
				DEVELOPMENT_TEAM = GV67623UT4;
				GENERATE_INFOPLIST_FILE = NO;
				GOOGLE_IOS_CLIENT_ID = "931037098853-4qs9f5aal8no87gf9eb6b7mmgibv2r02.apps.googleusercontent.com";
				GOOGLE_REVERSED_CLIENT_ID = "com.googleusercontent.apps.931037098853-4qs9f5aal8no87gf9eb6b7mmgibv2r02";
				INFOPLIST_FILE = GContacts/Resources/Info.plist;
				IPHONEOS_DEPLOYMENT_TARGET = 17.0;
				MARKETING_VERSION = 1.0;
				PRODUCT_BUNDLE_IDENTIFIER = com.jessechan.gcontacts;
				PRODUCT_NAME = "$(TARGET_NAME)";
				SWIFT_EMIT_LOC_STRINGS = YES;
				SWIFT_VERSION = 5.0;
				TARGETED_DEVICE_FAMILY = "1,2";
			};
			name = Release;
		};
/* End XCBuildConfiguration section */

/* Begin XCConfigurationList section */
		AA0000000000000000000900 /* Build configuration list for PBXNativeTarget "GContacts" */ = {
			isa = XCConfigurationList;
			buildConfigurations = (
				AA0000000000000000000B01 /* Debug */,
				AA0000000000000000000B02 /* Release */,
			);
			defaultConfigurationIsVisible = 0;
			defaultConfigurationName = Release;
		};
		AA0000000000000000000901 /* Build configuration list for PBXProject "GContacts" */ = {
			isa = XCConfigurationList;
			buildConfigurations = (
				AA0000000000000000000A01 /* Debug */,
				AA0000000000000000000A02 /* Release */,
			);
			defaultConfigurationIsVisible = 0;
			defaultConfigurationName = Release;
		};
/* End XCConfigurationList section */

/* Begin XCRemoteSwiftPackageReference section */
		AA0000000000000000000C01 /* XCRemoteSwiftPackageReference "GoogleSignIn-iOS" */ = {
			isa = XCRemoteSwiftPackageReference;
			repositoryURL = "https://github.com/google/GoogleSignIn-iOS";
			requirement = {
				kind = exactVersion;
				version = 9.0.0;
			};
		};
		AA0000000000000000000C04 /* XCRemoteSwiftPackageReference "PhoneNumberKit" */ = {
			isa = XCRemoteSwiftPackageReference;
			repositoryURL = "https://github.com/marmelroy/PhoneNumberKit";
			requirement = {
				kind = upToNextMajorVersion;
				minimumVersion = 4.1.0;
			};
		};
/* End XCRemoteSwiftPackageReference section */

/* Begin XCSwiftPackageProductDependency section */
		AA0000000000000000000C02 /* GoogleSignIn */ = {
			isa = XCSwiftPackageProductDependency;
			package = AA0000000000000000000C01 /* XCRemoteSwiftPackageReference "GoogleSignIn-iOS" */;
			productName = GoogleSignIn;
		};
		AA0000000000000000000C03 /* GoogleSignInSwift */ = {
			isa = XCSwiftPackageProductDependency;
			package = AA0000000000000000000C01 /* XCRemoteSwiftPackageReference "GoogleSignIn-iOS" */;
			productName = GoogleSignInSwift;
		};
		AA0000000000000000000C05 /* PhoneNumberKit */ = {
			isa = XCSwiftPackageProductDependency;
			package = AA0000000000000000000C04 /* XCRemoteSwiftPackageReference "PhoneNumberKit" */;
			productName = PhoneNumberKit;
		};
/* End XCSwiftPackageProductDependency section */
	};
	rootObject = AA0000000000000000001000 /* Project object */;
}
